version = 1
revision = 3
requires-python = "==3.10.*"

[[package]]
name = "annotated-types"
version = "0.8.0"
source = { registry = "https://pypi.org/simple" }
sdist = { url = "https://files.pythonhosted.org/packages/5f/56/a8120250d128bed162cd73c76d45f6ef9991f3e068f62a8ee060afa3104a/annotated_types-0.8.0.tar.gz", hash = "sha256:13b2beaad985e05e2d6407ee4c4f35590b11f8d693a258a561055cac8f64cab7", size = 15893, upload-time = "2026-07-23T20:16:13.995Z" }
wheels = [
    { url = "https://files.pythonhosted.org/packages/99/91/8acff4f5e50511b911bbccb72b8628a49c68ce14148cd9f6431094859a90/annotated_types-0.8.0-py3-none-any.whl", hash = "sha256:f072f4d804ea359e4eaf198b1af7a8b0943881a87f31bb764f8bf219bb9419e0", size = 13427, upload-time = "2026-07-23T20:16:12.938Z" },
]

[[package]]
name = "anyio"
version = "4.15.1"
source = { registry = "https://pypi.org/simple" }
dependencies = [
    { name = "exceptiongroup" },
    { name = "idna" },
    { name = "typing-extensions" },
]
sdist = { url = "https://files.pythonhosted.org/packages/a9/d2/f4d173e22df740bc37b1db102b386ba719b66e95b0f0d751f556b387e6d2/anyio-4.15.1.tar.gz", hash = "sha256:9f28306018cbd6d329e64a36d58256edff76dd996fe423bc957326e578b82a94", size = 276966, upload-time = "2026-09-05T10:42:39.44Z" }
wheels = [
    { url = "https://files.pythonhosted.org/packages/12/b8/4bd346e22b28902df4d651910f5242c28d84e4a5c2435ca5c3f797ed7e2e/anyio-4.15.1-py3-none-any.whl", hash = "sha256:6152fdbbf9a77fdec97731721bebf7c4c44f7c29b424b0065826173efc7ed101", size = 132079, upload-time = "2026-09-05T10:42:37.923Z" },
]

[[package]]
name = "blinker"
version = "1.9.0"
source = { registry = "https://pypi.org/simple" }
sdist = { url = "https://files.pythonhosted.org/packages/21/28/9b3f50ce0e048515135495f198351908d99540d69bfdc8c1d15b73dc55ce/blinker-1.9.0.tar.gz", hash = "sha256:b4ce2265a7abece45e7cc896e98dbebe6cead56bcf805a3d23136d145f5445bf", size = 22460, upload-time = "2024-11-08T17:25:47.436Z" }
wheels = [
    { url = "https://files.pythonhosted.org/packages/10/cb/f2ad4230dc2eb1a74edf38f1a38b9b52277f75bef262d8908e60d957e13c/blinker-1.9.0-py3-none-any.whl", hash = "sha256:ba0efaa9080b619ff2f3459d1d500c57bddea4a6b424b60a91141db6fd2f08bc", size = 8458, upload-time = "2024-11-08T17:25:46.184Z" },
]

[[package]]
name = "click"
version = "8.5.0"
source = { registry = "https://pypi.org/simple" }
sdist = { url = "https://files.pythonhosted.org/packages/c7/0e/7fa0ef50764b67090eca4114772a2abf8b6148198475e54c660b97caeee6/click-8.5.0.tar.gz", hash = "sha256:ba0d2089de75ea0310e2dde03160e6ca10009947fb95a182f9b54021bb272e34", size = 382235, upload-time = "2026-08-26T13:33:14.56Z" }
wheels = [
    { url = "https://files.pythonhosted.org/packages/58/50/6c0d534c5f134586a8e1ba4e330569e32f057e33372ae556463212fb4cd3/click-8.5.0-py3-none-any.whl", hash = "sha256:255bc9599cf7748b4b1a446ccc735421bd08a2ae529a8b88597d3de5664ee360", size = 125251, upload-time = "2026-08-26T13:33:12.928Z" },
]

[[package]]
name = "cpsc415-week04"
version = "0.1.0"
source = { virtual = "." }
dependencies = [
    { name = "flask" },
    { name = "openai" },
]

[package.metadata]
requires-dist = [
    { name = "flask", specifier = ">=3.1.3" },
    { name = "openai", specifier = ">=3.24.0" },
]

[[package]]
name = "exceptiongroup"
version = "1.3.1"
source = { registry = "https://pypi.org/simple" }
dependencies = [
    { name = "typing-extensions" },
]
sdist = { url = "https://files.pythonhosted.org/packages/50/79/66800aadf48771f6b62f7eb014e352e5d06856655206165d775e675a02c9/exceptiongroup-1.3.1.tar.gz", hash = "sha256:8b412432c6055b0b7d14c310000ae93352ed6754f70fa8f7c34141f91c4e3219", size = 30371, upload-time = "2025-11-21T23:01:54.787Z" }
wheels = [
    { url = "https://files.pythonhosted.org/packages/8a/0e/97c33bf5009bdbac74fd2beace167cab3f978feb69cc36f1ef79360d6c4e/exceptiongroup-1.3.1-py3-none-any.whl", hash = "sha256:a7a39a3bd276781e98394987d3a5701d0c4edffb633bb7a5144577f82c773598", size = 16740, upload-time = "2025-11-21T23:01:53.443Z" },
]

[[package]]
name = "flask"
version = "3.1.3"
source = { registry = "https://pypi.org/simple" }
dependencies = [
    { name = "blinker" },
    { name = "click" },
    { name = "itsdangerous" },
    { name = "jinja2" },
    { name = "markupsafe" },
    { name = "werkzeug" },
]
sdist = { url = "https://files.pythonhosted.org/packages/26/00/35d85dcce6c57fdc871f3867d465d780f302a175ea360f62533f12b27e2b/flask-3.1.3.tar.gz", hash = "sha256:0ef0e52b8a9cd932855379197dd8f94047b359ca0a78695144304cb45f87c9eb", size = 759004, upload-time = "2026-02-19T05:00:57.678Z" }
wheels = [
    { url = "https://files.pythonhosted.org/packages/7f/9c/34f6962f9b9e9c71f6e5ed806e0d0ff03c9d1b0b2340088a0cf4bce09b18/flask-3.1.3-py3-none-any.whl", hash = "sha256:f4bcbefc124291925f1a26446da31a5178f9483862233b23c0c96a20701f670c", size = 103424, upload-time = "2026-02-19T05:00:56.027Z" },
]

[[package]]
name = "h11"
version = "0.16.0"
source = { registry = "https://pypi.org/simple" }
sdist = { url = "https://files.pythonhosted.org/packages/01/ee/02a2c011bdab74c6fb3c75474d40b3052059d95df7e73351460c8588d963/h11-0.16.0.tar.gz", hash = "sha256:4e35b956cf45792e4caa5885e69fba00bdbc6ffafbfa020300e549b208ee5ff1", size = 101250, upload-time = "2025-04-24T03:35:25.427Z" }
wheels = [
    { url = "https://files.pythonhosted.org/packages/04/4b/29cac41a4d98d144bf5f6d33995617b185d14b22401f75ca86f384e87ff1/h11-0.16.0-py3-none-any.whl", hash = "sha256:63cf8bbe7522de3bf65932fda1d9c2772064ffb3dae62d55932da54b31cb6c86", size = 37515, upload-time = "2025-04-24T03:35:24.344Z" },
]

[[package]]
name = "httpcore2"
version = "2.13.1"
source = { registry = "https://pypi.org/simple" }
dependencies = [
    { name = "h11" },
    { name = "truststore" },
]
sdist = { url = "https://files.pythonhosted.org/packages/cb/f3/1db7aa2bc2524062192bb0e0323969492d1883152a232fe36eea65f4e35c/httpcore2-2.13.1.tar.gz", hash = "sha256:e0aa977abe17e69a3b820a24542a6fa88702676d83880b8d194dcd18408e5103", size = 68071, upload-time = "2026-09-23T07:47:22.372Z" }
wheels = [
    { url = "https://files.pythonhosted.org/packages/09/ba/a4568248771ce81957bfb7cc600264a40fbcda092391ee1c415c50be4bea/httpcore2-2.13.1-py3-none-any.whl", hash = "sha256:e1e05d4f25f7d7d496bfb96748f6f4b67657b03da069b3a68c36069f3db73d0a", size = 83423, upload-time = "2026-09-23T07:47:19.365Z" },
]

[[package]]
name = "httpx2"
version = "2.13.1"
source = { registry = "https://pypi.org/simple" }
dependencies = [
    { name = "anyio", marker = "sys_platform != 'emscripten'" },
    { name = "httpcore2", marker = "sys_platform != 'emscripten'" },
    { name = "idna" },
    { name = "truststore", marker = "sys_platform != 'emscripten'" },
    { name = "typing-extensions" },
]
sdist = { url = "https://files.pythonhosted.org/packages/d5/44/474bef2a0e9d90f1715d32cb98b0738695ca17ba324095fb2497ed7fbd59/httpx2-2.13.1.tar.gz", hash = "sha256:e48744a19e3af5ee48313d0ce5fe941d5422fae5705ea922a4aabf94d7800dfa", size = 100405, upload-time = "2026-09-23T07:47:23.052Z" }
wheels = [
    { url = "https://files.pythonhosted.org/packages/d8/9c/6fe8931fd9f381042a9e4c7d5a7b4cbf7016b252bec0c99a49fce42c3326/httpx2-2.13.1-py3-none-any.whl", hash = "sha256:6dff50fabc270ee5fd25d845d0b078ed20564579744d6d962850975996d2f9a4", size = 95597, upload-time = "2026-09-23T07:47:20.995Z" },
]

[[package]]
name = "idna"
version = "3.20"
source = { registry = "https://pypi.org/simple" }
sdist = { url = "https://files.pythonhosted.org/packages/f5/08/8eea9d4b8302028f3abb2c0813953f7aec26d33b7a8960ed760e65ff29fa/idna-3.20.tar.gz", hash = "sha256:a7db850025b95ded1eae8a46181a1a6c56c92c96f0e2b005d9ff8dc0210cab44", size = 216463, upload-time = "2026-09-17T14:11:04.752Z" }
wheels = [
    { url = "https://files.pythonhosted.org/packages/58/a2/bb081bab032533a855d44de1d56f8e8426114ff1ba5d1f07a438a0a654f8/idna-3.20-py3-none-any.whl", hash = "sha256:ab7ae7122974553370f0bdb919e1a960b2cd1bc1ef0276416d896db81c14582c", size = 69583, upload-time = "2026-09-17T14:11:03.168Z" },
]

[[package]]
name = "itsdangerous"
version = "2.2.0"
source = { registry = "https://pypi.org/simple" }
sdist = { url = "https://files.pythonhosted.org/packages/9c/cb/8ac0172223afbccb63986cc25049b154ecfb5e85932587206f42317be31d/itsdangerous-2.2.0.tar.gz", hash = "sha256:e0050c0b7da1eea53ffaf149c0cfbb5c6e2e2b69c4bef22c81fa6eb73e5f6173", size = 54410, upload-time = "2024-04-16T21:28:15.614Z" }
wheels = [
    { url = "https://files.pythonhosted.org/packages/04/96/92447566d16df59b2a776c0fb82dbc4d9e07cd95062562af01e408583fc4/itsdangerous-2.2.0-py3-none-any.whl", hash = "sha256:c6242fc49e35958c8b15141343aa660db5fc54d4f13a1db01a3f5891b98700ef", size = 16234, upload-time = "2024-04-16T21:28:14.499Z" },
]

[[package]]
name = "jinja2"
version = "3.1.6"
source = { registry = "https://pypi.org/simple" }
dependencies = [
    { name = "markupsafe" },
]
sdist = { url = "https://files.pythonhosted.org/packages/df/bf/f7da0350254c0ed7c72f3e33cef02e048281fec7ecec5f032d4aac52226b/jinja2-3.1.6.tar.gz", hash = "sha256:0137fb05990d35f1275a587e9aee6d56da821fc83491a0fb838183be43f66d6d", size = 245115, upload-time = "2025-03-05T20:05:02.478Z" }
wheels = [
    { url = "https://files.pythonhosted.org/packages/62/a1/3d680cbfd5f4b8f15abc1d571870c5fc3e594bb582bc3b64ea099db13e56/jinja2-3.1.6-py3-none-any.whl", hash = "sha256:85ece4451f492d0c13c5dd7c13a64681a86afae63a5f347908daf103ce6d2f67", size = 134899, upload-time = "2025-03-05T20:05:00.369Z" },
]

[[package]]
name = "jiter"
version = "0.17.0"
source = { registry = "https://pypi.org/simple" }
sdist = { url = "https://files.pythonhosted.org/packages/9c/1f/8176d92e001f86505424b41664032ae26a882bc9ca41a32c803f373f9195/jiter-0.17.0.tar.gz", hash = "sha256:03e432f226a453851079fb84cd17c6da9991eab723e28d716f14ae3d906e0c12", size = 229037, upload-time = "2026-09-12T15:14:14.253Z" }
wheels = [
    { url = "https://files.pythonhosted.org/packages/e8/fb/0b68a8666a203ab349334e502285153ac97e84a1a3e2f80de8385ed0899c/jiter-0.17.0-cp310-cp310-macosx_10_12_x86_64.whl", hash = "sha256:ed1a24005daac667d577402d75a2922f9775a165b146b883ff1ad3602d8be689", size = 290968, upload-time = "2026-09-12T15:11:10.44Z" },
    { url = "https://files.pythonhosted.org/packages/ca/e9/5993079500530586655c6f2823e2926b3f5ceddd49918c5a86757eadba3a/jiter-0.17.0-cp310-cp310-macosx_11_0_arm64.whl", hash = "sha256:b847b18d066c46b3b7ae49d6c94a7634c5e4a8983146ee25562a092000f5e3ad", size = 324072, upload-time = "2026-09-12T15:11:12.03Z" },
    { url = "https://files.pythonhosted.org/packages/2a/56/6f5dbffaa5b0e647386e3c3376aa150987538f1b13f6da1a9582787957af/jiter-0.17.0-cp310-cp310-manylinux_2_17_aarch64.manylinux2014_aarch64.whl", hash = "sha256:7b68d3495d95da120651a5628c7ebadee84ed001a1b76e6afc325c42482f15b5", size = 344891, upload-time = "2026-09-12T15:11:13.387Z" },
    { url = "https://files.pythonhosted.org/packages/9a/9d/8dd5719add6c77be95b23c129682a1484c5339ffd66736d66bfa6831a2f3/jiter-0.17.0-cp310-cp310-manylinux_2_17_armv7l.manylinux2014_armv7l.whl", hash = "sha256:3c1a5336c04a41b1f1cf9572e294aec27cc569767ff73de7bf87a91f0bea7cb9", size = 328213, upload-time = "2026-09-12T15:11:14.655Z" },
    { url = "https://files.pythonhosted.org/packages/6e/e5/82f885863afaa79efac066efdb7b70bd242ef83d3e548453d61b3737e54a/jiter-0.17.0-cp310-cp310-manylinux_2_17_ppc64le.manylinux2014_ppc64le.whl", hash = "sha256:b75f85660108965a94be77911a25a253429307294d9415b3c597118977a614de", size = 343033, upload-time = "2026-09-12T15:11:16.046Z" },
    { url = "https://files.pythonhosted.org/packages/a0/41/ee3cd7db1704ec9c274ae549803ef1369c801490f7f6d48d0aa3b9ac1ae0/jiter-0.17.0-cp310-cp310-manylinux_2_17_s390x.manylinux2014_s390x.whl", hash = "sha256:32aaaa764604496610a3ad2d98503ae88ccb2fbe769e892ff4533e778e85f708", size = 351701, upload-time = "2026-09-12T15:11:19.188Z" },
    { url = "https://files.pythonhosted.org/packages/93/2c/af9ca503b38683a82b6732352a861515f28e2d46fe445aea57e07fc86e06/jiter-0.17.0-cp310-cp310-manylinux_2_17_x86_64.manylinux2014_x86_64.whl", hash = "sha256:826871c42cebaae22f0a2b5673a4a1a75c851bb2d13b3c17764a630a6b298984", size = 348754, upload-time = "2026-09-12T15:11:20.486Z" },
    { url = "https://files.pythonhosted.org/packages/d0/ba/692b071b194270b019b7d1790adb8658193379b951029e5ad15a14a2809d/jiter-0.17.0-cp310-cp310-manylinux_2_31_riscv64.whl", hash = "sha256:00b5a98df3e3a3e8cf7b619f4ac2f8bf975bbf3d95d02c5d17b8dbfe5c8b8245", size = 329263, upload-time = "2026-09-12T15:11:21.701Z" },
    { url = "https://files.pythonhosted.org/packages/f1/8f/35a22beb6b9eb025b7e2f88a38ca3b9c87017aac237feec2583eabe243ad/jiter-0.17.0-cp310-cp310-manylinux_2_5_i686.manylinux1_i686.whl", hash = "sha256:6af5b74073bd25bae695e6d00919f6a9be7ed5a9f8836d981eb1ffe84139e6fb", size = 337572, upload-time = "2026-09-12T15:11:23.145Z" },
    { url = "https://files.pythonhosted.org/packages/7a/0f/4341ceb3ce08199b4e8a798acc0bb0c79b3e861b6cecdb9d3b5138965c5d/jiter-0.17.0-cp310-cp310-musllinux_1_1_aarch64.whl", hash = "sha256:16dd0c1baf098ae70b8f3616574eb3fedf34e26670b89e16a7e67561f737ed2d", size = 485174, upload-time = "2026-09-12T15:11:24.394Z" },
    { url = "https://files.pythonhosted.org/packages/a2/6d/92fa138ac82db9001b68563df204c32f2203bee84301df083260039ca23b/jiter-0.17.0-cp310-cp310-musllinux_1_1_x86_64.whl", hash = "sha256:545c36a0f3b2238c242cc9785439d3242a871b7bc39fe3f441bcaa07bf3aa83e", size = 522115, upload-time = "2026-09-12T15:11:25.645Z" },
    { url = "https://files.pythonhosted.org/packages/52/92/9b11557ddf898e84c253d1c42cc1bddd8ad1a754b46b01ae35a6a253526f/jiter-0.17.0-cp310-cp310-win32.whl", hash = "sha256:155be7355bdb7ca76ab0961be8982c225f964a5c073a83984183f22391cc29fc", size = 188163, upload-time = "2026-09-12T15:11:26.793Z" },
    { url = "https://files.pythonhosted.org/packages/a5/f3/b4381cc962fed7d505913d5920e9f51f1fd5cf340a563134e8cadf3604d2/jiter-0.17.0-cp310-cp310-win_amd64.whl", hash = "sha256:37150a9e02e869475854fa20b7d0d5e26d18d0f8bc17293999973ff27e99ae7a", size = 231679, upload-time = "2026-09-12T15:11:28.911Z" },
]

[[package]]
name = "markupsafe"
version = "3.0.4"
source = { registry = "https://pypi.org/simple" }
sdist = { url = "https://files.pythonhosted.org/packages/38/9b/e422a865e1d5d57d0e509b4e0bf1c1a70a7f6382c29a5aa428df994c8bc8/markupsafe-3.0.4.tar.gz", hash = "sha256:2e9ad7dd851bf45fab9f75cbff4cb493fee9979e8d8c7c9c3ee119022518edd6", size = 153777, upload-time = "2026-10-02T23:07:22.29Z" }
wheels = [
    { url = "https://files.pythonhosted.org/packages/41/aa/9a65962e364bf19745f6bec7bde398fb1f5ca53ad2e734258e6198cc32ba/markupsafe-3.0.4-cp310-cp310-macosx_10_9_x86_64.whl", hash = "sha256:dd8ea6ebee7aedbf7c749fa80521d9ccf1ba473e0d1e14805caafbaad281c889", size = 11521, upload-time = "2026-10-02T23:04:20.141Z" },
    { url = "https://files.pythonhosted.org/packages/14/36/927999a34b7d1def6957de89153d327fedc4030061940b5a468584e6c5a8/markupsafe-3.0.4-cp310-cp310-macosx_11_0_arm64.whl", hash = "sha256:dff05cb7016dff1e9fd68f4122c127b65dfc59de5306cfb7ad92f956f230bee2", size = 12066, upload-time = "2026-10-02T23:04:21.275Z" },
    { url = "https://files.pythonhosted.org/packages/17/54/69e7b0db9bd687bfd83451eed5666384d67cfed3be062bfc59a06a15474e/markupsafe-3.0.4-cp310-cp310-manylinux2014_aarch64.manylinux_2_17_aarch64.manylinux_2_28_aarch64.whl", hash = "sha256:cf63c214fe879a65e69a386f915e36104fc84254ab141240f8854602d8e0be2a", size = 22081, upload-time = "2026-10-02T23:04:22.221Z" },
    { url = "https://files.pythonhosted.org/packages/bd/14/f6f5c97903f7d2db76bbfaced31509a47d360a103b3aaf4849f6536591ec/markupsafe-3.0.4-cp310-cp310-manylinux2014_armv7l.manylinux_2_17_armv7l.manylinux_2_31_armv7l.whl", hash = "sha256:2a6ef68ae94aed8721934072b27a3b654ea2100b97e4ab864cf1489c90926fbc", size = 26079, upload-time = "2026-10-02T23:04:23.346Z" },
    { url = "https://files.pythonhosted.org/packages/d0/04/c3cc9b75f94f8b54d7e503c44cebd4b4a115ec1d6f1b996b999807daba99/markupsafe-3.0.4-cp310-cp310-manylinux2014_ppc64le.manylinux_2_17_ppc64le.manylinux_2_28_ppc64le.whl", hash = "sha256:fd9f8797427910198f95bced71ddfed61130d7e349213bfb8466c9c99e2c46a8", size = 22611, upload-time = "2026-10-02T23:04:24.401Z" },
    { url = "https://files.pythonhosted.org/packages/00/26/c4708ed3b0f08e8e6d7cbce3314ac130cb5352d1f62951b6fef7878f2b1e/markupsafe-3.0.4-cp310-cp310-manylinux2014_x86_64.manylinux_2_17_x86_64.manylinux_2_28_x86_64.whl", hash = "sha256:d1aca03ede943eb80ab3d63bb082c84b7aab85ea83bd0fd0c200260945fb49d9", size = 20712, upload-time = "2026-10-02T23:04:25.386Z" },
    { url = "https://files.pythonhosted.org/packages/d9/b9/f3894d6aae3d7a52c9363317f4baf2fcadc052163d6dbc871266e32639ed/markupsafe-3.0.4-cp310-cp310-manylinux_2_31_riscv64.manylinux_2_39_riscv64.whl", hash = "sha256:0764a13d34cae40db7bbf3a09b7e9b491bf4603e20b263a7a9d6b8e324975d0a", size = 20742, upload-time = "2026-10-02T23:04:26.403Z" },
    { url = "https://files.pythonhosted.org/packages/59/7c/8e248ddbfe286ab6bddb462bdac0851cbb1510d2cbbb815a415fcb0511af/markupsafe-3.0.4-cp310-cp310-musllinux_1_2_aarch64.whl", hash = "sha256:9388003072b95f2f1e3fd908604194d653ba21330d811961a78b7da1a77e9e36", size = 21560, upload-time = "2026-10-02T23:04:27.522Z" },
    { url = "https://files.pythonhosted.org/packages/df/26/2353fef7d4bcf2b18e16bad81979fcecff2915156ca6882447917205b8e2/markupsafe-3.0.4-cp310-cp310-musllinux_1_2_armv7l.whl", hash = "sha256:8698d70a8081ee8c090dbb394768b5789a1da8b131b5499f89d071dd3cfaf6be", size = 20973, upload-time = "2026-10-02T23:04:28.573Z" },
    { url = "https://files.pythonhosted.org/packages/67/6f/a9561d98d9a6ee3494b0b970a1c766e58bab128cc84841d56ec009456dbd/markupsafe-3.0.4-cp310-cp310-musllinux_1_2_ppc64le.whl", hash = "sha256:bf053da3c97a4bc5ecfbb218cdd2983febd91c617be8367d139882aa11e490aa", size = 22036, upload-time = "2026-10-02T23:04:29.568Z" },
    { url = "https://files.pythonhosted.org/packages/55/83/6217df9192eca95af3ff0cad955c9854a93fa43b288cf7411ae24713eb52/markupsafe-3.0.4-cp310-cp310-musllinux_1_2_riscv64.whl", hash = "sha256:9438a2648b2195980cb2dd8e53ed7b8df91319e2d0b70ae61a9e1d1bc8d3bec9", size = 20314, upload-time = "2026-10-02T23:04:30.881Z" },
    { url = "https://files.pythonhosted.org/packages/35/7c/9cd8081dae70e17fdab3558121fa618d459c7950c8abd8fc10fc024486d7/markupsafe-3.0.4-cp310-cp310-musllinux_1_2_x86_64.whl", hash = "sha256:88d59b473bfb03259722600839af9bbd7fa13a2eb514beefeedb95997882f69a", size = 20780, upload-time = "2026-10-02T23:04:31.975Z" },
    { url = "https://files.pythonhosted.org/packages/44/37/c5f2f45f4d8f0c24e4af7b9dc711640c888044cbf5f7e2ba2c0bb74cbb55/markupsafe-3.0.4-cp310-cp310-win32.whl", hash = "sha256:4a540e2d3192792fc84eced57bef37851ccb2b41f73291bb17408eea77bcd278", size = 14096, upload-time = "2026-10-02T23:04:33.129Z" },
    { url = "https://files.pythonhosted.org/packages/50/50/394a1c61c9b9972cb4f76875c332af7109bd39bdad09d3a0ec5327a339dc/markupsafe-3.0.4-cp310-cp310-win_amd64.whl", hash = "sha256:5c22873ad1f0532ba40fa1727f3c0fc1bbbaab6d373d4cbe3f0dc74b2e2521c7", size = 14329, upload-time = "2026-10-02T23:04:34.168Z" },
    { url = "https://files.pythonhosted.org/packages/d1/9a/86d03d2f32ba41a57baa124a7bcb76d0a6d39b1622e9bd4d550074e8b61a/markupsafe-3.0.4-cp310-cp310-win_arm64.whl", hash = "sha256:3d23795802fc8bd72534836d64489bbf0f67c088959091bdb22e10735a5107bf", size = 14196, upload-time = "2026-10-02T23:04:35.201Z" },
]

[[package]]
name = "openai"
version = "3.24.0"
source = { registry = "https://pypi.org/simple" }
dependencies = [
    { name = "anyio" },
    { name = "httpx2" },
    { name = "jiter" },
    { name = "pydantic" },
    { name = "sniffio" },
    { name = "typing-extensions" },
]
sdist = { url = "https://files.pythonhosted.org/packages/73/4f/e57670227cb7b61362d8f9bfba54d4e9f7bde799798c342782788bc12d6c/openai-3.24.0.tar.gz", hash = "sha256:1e7463f7d78773ab2ce4fe85710481aa5bd5ffefd54c8de4b067506cd2d42895", size = 1797218, upload-time = "2026-10-02T15:55:18.851Z" }
wheels = [
    { url = "https://files.pythonhosted.org/packages/f2/01/32baec3bdb83d36da27281d7eeac2647241345cf8ff538bc21d1013ddeec/openai-3.24.0-py3-none-any.whl", hash = "sha256:b59703a3e3b5df78b269e90049d383a1dda58c90104cc4be59db21078db4b7a4", size = 2127166, upload-time = "2026-10-02T15:55:16.228Z" },
]

[[package]]
name = "pydantic"
version = "2.13.5"
source = { registry = "https://pypi.org/simple" }
dependencies = [
    { name = "annotated-types" },
    { name = "pydantic-core" },
    { name = "typing-extensions" },
    { name = "typing-inspection" },
]
sdist = { url = "https://files.pythonhosted.org/packages/53/ef/fc4f868f4e2cee79f863883abffceff107875f569b848507319842d2a681/pydantic-2.13.5.tar.gz", hash = "sha256:51a9c5f7b2f8e636f04c6cada605d9b6a3bf1348fdf945a3d8869b19bba0ee08", size = 845750, upload-time = "2026-08-28T14:04:00.916Z" }
wheels = [
    { url = "https://files.pythonhosted.org/packages/eb/47/c95ffc2009878c7aac0c5e08528022dcb885933252a88b5f170058014464/pydantic-2.13.5-py3-none-any.whl", hash = "sha256:346a034f080da3755d8e9cb5e00e8b07de1d39e4f6e2c87d8ab7cafa0b269a73", size = 472589, upload-time = "2026-08-28T14:03:59.136Z" },
]

[[package]]
name = "pydantic-core"
version = "2.46.5"
source = { registry = "https://pypi.org/simple" }
dependencies = [
    { name = "typing-extensions" },
]
sdist = { url = "https://files.pythonhosted.org/packages/af/f9/8a06bea35ef8daf588f707784c973a7046e0034c8d8cfb08828eeffb8b75/pydantic_core-2.46.5.tar.gz", hash = "sha256:10416c15b8839ecc4ef4d0885da76da6fd0f67333a0eb8aff6d93c4b8f2910fc", size = 472262, upload-time = "2026-08-28T10:01:31.677Z" }
wheels = [
    { url = "https://files.pythonhosted.org/packages/74/6b/8f79692844269427abb3e4dd9e68edfcbe65ae25527d99183214de716c59/pydantic_core-2.46.5-cp310-cp310-macosx_10_12_x86_64.whl", hash = "sha256:657b40d6240c0a7b6a64b30f22d1e3aa631c7e846c621b0c0f6d1d75e2e15ea6", size = 2076533, upload-time = "2026-08-28T09:57:35.421Z" },
    { url = "https://files.pythonhosted.org/packages/bd/d0/c787604c71c2bdcda1a5656942fc822cd0f9cd879b9484bb84fc42172703/pydantic_core-2.46.5-cp310-cp310-macosx_11_0_arm64.whl", hash = "sha256:ecb42011e12ee19cafbc312887cbf3546959fe02fbad44f272d4be5baa997615", size = 1924650, upload-time = "2026-08-28T09:57:37.944Z" },
    { url = "https://files.pythonhosted.org/packages/4a/77/ca2f8e997d9bfdb32205297aff38f210f398822d895b1af1b59fd9df9c13/pydantic_core-2.46.5-cp310-cp310-manylinux_2_17_aarch64.manylinux2014_aarch64.whl", hash = "sha256:4dedce55295becb61921e386b99d4f2706045306e7fa52249a33004c837379fb", size = 1951261, upload-time = "2026-08-28T09:57:39.339Z" },
    { url = "https://files.pythonhosted.org/packages/a0/53/bd12e1a9255df4edee00353778e2614b5346265d51e1567ab72153e803a2/pydantic_core-2.46.5-cp310-cp310-manylinux_2_17_armv7l.manylinux2014_armv7l.whl", hash = "sha256:9f47b8a949e60f027f0aa0a6f6c7b7e9c55cbf4380d10b344e282fa4e7ab1e1b", size = 2021808, upload-time = "2026-08-28T09:57:40.69Z" },
    { url = "https://files.pythonhosted.org/packages/d7/41/f7f312751ebc6d6767da91964a9c7954c18e226a1720ab234e3dfb9d6c17/pydantic_core-2.46.5-cp310-cp310-manylinux_2_17_ppc64le.manylinux2014_ppc64le.whl", hash = "sha256:200aa3dc9f8d54f0754f43247c0bad0999fdcfbfd2488384dd44f37279271fe6", size = 2196184, upload-time = "2026-08-28T09:57:42.275Z" },
    { url = "https://files.pythonhosted.org/packages/3d/93/ce93aa030ab6bac4683ba8861e7baad89dd24b02e66b8801a0e4f6a00311/pydantic_core-2.46.5-cp310-cp310-manylinux_2_17_s390x.manylinux2014_s390x.whl", hash = "sha256:6d30e1a4f138b8951063e9a394752a9179b51da288ffa507b1e659222f4c1793", size = 2238212, upload-time = "2026-08-28T09:57:44.122Z" },
    { url = "https://files.pythonhosted.org/packages/34/a1/c8e6b66f499f510752c07a092dfe27621f9c255635e59d38704b5681c35a/pydantic_core-2.46.5-cp310-cp310-manylinux_2_17_x86_64.manylinux2014_x86_64.whl", hash = "sha256:850a08d167dde16db8702c274f320c7be9d7da6f6dff2b58b18f9e815bd94f5b", size = 2064073, upload-time = "2026-08-28T09:57:45.613Z" },
    { url = "https://files.pythonhosted.org/packages/5c/fa/605e2b127ee30dbf4b1da9da4843587cf2b2d16486c241cc7a5be2d2c1bd/pydantic_core-2.46.5-cp310-cp310-manylinux_2_31_riscv64.whl", hash = "sha256:c3471e5c4a949c26ec00a77f01df59096aa9495877de76fd60a980f8ee6be461", size = 2093102, upload-time = "2026-08-28T09:57:46.953Z" },
    { url = "https://files.pythonhosted.org/packages/4a/f7/1ab28093c09032ddce7c92c7a55d503b6ecd70f42c32492946c1cb5477b1/pydantic_core-2.46.5-cp310-cp310-manylinux_2_5_i686.manylinux1_i686.whl", hash = "sha256:3a3e26b6a8274211bddee2d0e4d0d42778f17a34510f49d2ec44b58abfc41736", size = 2133452, upload-time = "2026-08-28T09:57:48.362Z" },
    { url = "https://files.pythonhosted.org/packages/30/c8/47c79b756f12f85e8b0fbdb2b495f6b6eb32e6c98a4beae7a570a0b7c63c/pydantic_core-2.46.5-cp310-cp310-musllinux_1_1_aarch64.whl", hash = "sha256:fc5d783bd4a2387e97b8a2d5ec781cfb92b3d893bf82370548e99db5915935d3", size = 2146477, upload-time = "2026-08-28T09:57:49.74Z" },
    { url = "https://files.pythonhosted.org/packages/13/5c/79fc00cb8f651d6061991de8d7cedf1c78c73cbd4862c42ef418f03b8bfa/pydantic_core-2.46.5-cp310-cp310-musllinux_1_1_armv7l.whl", hash = "sha256:356c8368cbc321050b169595683a2e1d63413b1e0e2868b330af9fc14c616d3f", size = 2300832, upload-time = "2026-08-28T09:57:51.639Z" },
    { url = "https://files.pythonhosted.org/packages/b4/72/dd1a29853cf6d22a1ebd9e3baf0239cbc57d2d16caff36a89e38eb9b1db3/pydantic_core-2.46.5-cp310-cp310-musllinux_1_1_x86_64.whl", hash = "sha256:eb7d8d0e5886a89a55d2eef490e272fa965a9d57c6b29a5b5088a7997ec2cad1", size = 2320505, upload-time = "2026-08-28T09:57:53.236Z" },
    { url = "https://files.pythonhosted.org/packages/ec/d1/ba4a8e06a9ddad0b4caf69cfaeecc0fbfcec20473bd808f5127fd16491c4/pydantic_core-2.46.5-cp310-cp310-win32.whl", hash = "sha256:4d44cf99ddebf875f9b68cc267aa684c99b7b44fe63ee1cac4ec163807290069", size = 1956853, upload-time = "2026-08-28T09:57:54.592Z" },
    { url = "https://files.pythonhosted.org/packages/f2/94/205ed9d7ddaf44acd489889708ea124a3f41bdb42c141c8684d528ad0e7a/pydantic_core-2.46.5-cp310-cp310-win_amd64.whl", hash = "sha256:1e5aad1220a1192c42341c8fd4a8686657e73ab2a920c970bdc4de334fe3193d", size = 2042551, upload-time = "2026-08-28T09:57:56.017Z" },
]

[[package]]
name = "sniffio"
version = "1.3.1"
source = { registry = "https://pypi.org/simple" }
sdist = { url = "https://files.pythonhosted.org/packages/a2/87/a6771e1546d97e7e041b6ae58d80074f81b7d5121207425c964ddf5cfdbd/sniffio-1.3.1.tar.gz", hash = "sha256:f4324edc670a0f49750a81b895f35c3adb843cca46f0530f79fc1babb23789dc", size = 20372, upload-time = "2024-02-25T23:20:04.057Z" }
wheels = [
    { url = "https://files.pythonhosted.org/packages/e9/44/75a9c9421471a6c4805dbf2356f7c181a29c1879239abab1ea2cc8f38b40/sniffio-1.3.1-py3-none-any.whl", hash = "sha256:2f6da418d1f1e0fddd844478f41680e794e6051915791a034ff65e5f100525a2", size = 10235, upload-time = "2024-02-25T23:20:01.196Z" },
]

[[package]]
name = "truststore"
version = "0.10.4"
source = { registry = "https://pypi.org/simple" }
sdist = { url = "https://files.pythonhosted.org/packages/53/a3/1585216310e344e8102c22482f6060c7a6ea0322b63e026372e6dcefcfd6/truststore-0.10.4.tar.gz", hash = "sha256:9d91bd436463ad5e4ee4aba766628dd6cd7010cf3e2461756b3303710eebc301", size = 26169, upload-time = "2025-08-12T18:49:02.73Z" }
wheels = [
    { url = "https://files.pythonhosted.org/packages/19/97/56608b2249fe206a67cd573bc93cd9896e1efb9e98bce9c163bcdc704b88/truststore-0.10.4-py3-none-any.whl", hash = "sha256:adaeaecf1cbb5f4de3b1959b42d41f6fab57b2b1666adb59e89cb0b53361d981", size = 18660, upload-time = "2025-08-12T18:49:01.46Z" },
]

[[package]]
name = "typing-extensions"
version = "4.16.0"
source = { registry = "https://pypi.org/simple" }
sdist = { url = "https://files.pythonhosted.org/packages/f6/cc/6253133b5bb138fc3306cebfbda2c520f545d36b5be2c7255cc528bb45d6/typing_extensions-4.16.0.tar.gz", hash = "sha256:dc983d19a509c94dba722ee6abd33940f7c05a89e243c47e907eb4db6f1a43e5", size = 113555, upload-time = "2026-07-02T08:40:05.92Z" }
wheels = [
    { url = "https://files.pythonhosted.org/packages/49/d3/b8441a820a491ddfc024b0b0cf0393375b75ea13866d9c66727e54c2fc80/typing_extensions-4.16.0-py3-none-any.whl", hash = "sha256:481caa481374e813c1b176ada14e97f1f67a4539ce9cfeb3f350d78d6370c2e8", size = 45571, upload-time = "2026-07-02T08:40:04.659Z" },
]

[[package]]
name = "typing-inspection"
version = "0.4.4"
source = { registry = "https://pypi.org/simple" }
dependencies = [
    { name = "typing-extensions" },
]
sdist = { url = "https://files.pythonhosted.org/packages/a3/26/b09b8010994eccc3c09092e6b34058f36a460eea2d4c3e8b910c695975a0/typing_inspection-0.4.4.tar.gz", hash = "sha256:547274fa6b0a561ccf549cc9524b999a578e737d015d8709d021f9d0d13bea47", size = 76928, upload-time = "2026-08-12T12:37:25.997Z" }
wheels = [
    { url = "https://files.pythonhosted.org/packages/67/81/4add07e5172b7ac40d8ed5ff580409a7801a4fe26d529bdd915401dabfbe/typing_inspection-0.4.4-py3-none-any.whl", hash = "sha256:65b8397ba37ccbce054456aaccddfc91e6e3083c92824df348d96ca832f3f147", size = 14750, upload-time = "2026-08-12T12:37:24.648Z" },
]

[[package]]
name = "werkzeug"
version = "3.1.9"
source = { registry = "https://pypi.org/simple" }
dependencies = [
    { name = "markupsafe" },
]
sdist = { url = "https://files.pythonhosted.org/packages/a4/34/4dd12fc8bb7d61c91467ec3efe415ffa7d5456f799954b40c5bbaeae470e/werkzeug-3.1.9.tar.gz", hash = "sha256:55ca7c70a75689be937aa27f8ff4b018f06ff4838fc73045560bf0f5a1291060", size = 940188, upload-time = "2026-09-27T18:33:41.637Z" }
wheels = [
    { url = "https://files.pythonhosted.org/packages/a1/38/df03f564f43cec2684823f3cccae1a652ee7face1cbaa76fb223096e64d7/werkzeug-3.1.9-py3-none-any.whl", hash = "sha256:6392e50c78460ba618e5b21f08a71f59c99ce99cdc6cf6e3dd7e6ccca8754fab", size = 228700, upload-time = "2026-09-27T18:33:39.685Z" },
]
